{
  "nodes": {
    "dotfiles": {
      "flake": false,
      "locked": {
        "lastModified": 1766023118,
        "narHash": "sha256-T4h7zbCSvNYvdT2sjm7tYfmIU4uy/Z86yEUYfGrdxfE=",
        "owner": "imlyzh",
        "repo": "dotfiles",
        "rev": "2dbed58b08bdb963280aacdff99e62469d3efd26",
        "type": "github"
      },
      "original": {
        "owner": "imlyzh",
        "repo": "dotfiles",
        "type": "github"
      }
    },
    "dotfiles_2": {
      "flake": false,
      "locked": {
        "lastModified": 1766021972,
        "narHash": "sha256-TEUtCx2qM0GEQH/SnikKMufb6n1Yxb6ohBH7pnHYHrI=",
        "owner": "imlyzh",
        "repo": "dotfiles",
        "rev": "368f33bcd78b6d91e049cbbdc7e86f5bb9875cbc",
        "type": "github"
      },
      "original": {
        "owner": "imlyzh",
        "repo": "dotfiles",
        "type": "github"
      }
    },
    "home-config": {
      "inputs": {
        "dotfiles": "dotfiles_2",
        "home-manager": "home-manager",
        "nixpkgs": "nixpkgs"
      },
      "locked": {
        "lastModified": 1766054067,
        "narHash": "sha256-RpcNu8DsRkMQ9wG/IEVmZbgUQygUPiIzfWJShg/jvt4=",
        "owner": "imlyzh",
        "repo": "home-manager",
        "rev": "0cf70ed62751f09347696fccbad4fc4bb1b74277",
        "type": "github"
      },
      "original": {
        "owner": "imlyzh",
        "repo": "home-manager",
        "type": "github"
      }
    },
    "home-manager": {
      "inputs": {
        "nixpkgs": [
          "home-config",
          "nixpkgs"
        ]
      },
      "locked": {
        "lastModified": 1765979862,
        "narHash": "sha256-/r9/1KamvbHJx6I40H4HsSXnEcBAkj46ZwibhBx9kg0=",
        "owner": "nix-community",
        "repo": "home-manager",
        "rev": "d3135ab747fd9dac250ffb90b4a7e80634eacbe9",
        "type": "github"
      },
      "original": {
        "owner": "nix-community",
        "ref": "release-25.11",
        "repo": "home-manager",
        "type": "github"
      }
    },
    "home-manager_2": {
      "inputs": {
        "nixpkgs": [
          "nixpkgs"
        ]
      },
      "locked": {
        "lastModified": 1765979862,
        "narHash": "sha256-/r9/1KamvbHJx6I40H4HsSXnEcBAkj46ZwibhBx9kg0=",
        "owner": "nix-community",
        "repo": "home-manager",
        "rev": "d3135ab747fd9dac250ffb90b4a7e80634eacbe9",
        "type": "github"
      },
      "original": {
        "owner": "nix-community",
        "ref": "release-25.11",
        "repo": "home-manager",
        "type": "github"
      }
    },
    "nixpkgs": {
      "locked": {
        "lastModified": 1765934234,
        "narHash": "sha256-pJjWUzNnjbIAMIc5gRFUuKCDQ9S1cuh3b2hKgA7Mc4A=",
        "owner": "NixOS",
        "repo": "nixpkgs",
        "rev": "af84f9d270d404c17699522fab95bbf928a2d92f",
        "type": "github"
      },
      "original": {
        "owner": "NixOS",
        "ref": "nixpkgs-unstable",
        "repo": "nixpkgs",
        "type": "github"
      }
    },
    "nixpkgs_2": {
      "locked": {
        "lastModified": 1765838191,
        "narHash": "sha256-m5KWt1nOm76ILk/JSCxBM4MfK3rYY7Wq9/TZIIeGnT8=",
        "owner": "NixOS",
        "repo": "nixpkgs",
        "rev": "c6f52ebd45e5925c188d1a20119978aa4ffd5ef6",
        "type": "github"
      },
      "original": {
        "owner": "NixOS",
        "ref": "nixos-25.11",
        "repo": "nixpkgs",
        "type": "github"
      }
    },
    "root": {
      "inputs": {
        "dotfiles": "dotfiles",
        "home-config": "home-config",
        "home-manager": "home-manager_2",
        "nixpkgs": "nixpkgs_2",
        "rust-overlay": "rust-overlay"
      }
    },
    "rust-overlay": {
      "inputs": {
        "nixpkgs": [
          "nixpkgs"
        ]
      },
      "locked": {
        "lastModified": 1766025663,
        "narHash": "sha256-VSrZmhM22nZckbbE8Cmmc5I2RUGtwo1aii77T/i8YPU=",
        "owner": "oxalica",
        "repo": "rust-overlay",
        "rev": "96617c96d4c455770e6664b5e3aad999b677fae6",
        "type": "github"
      },
      "original": {
        "owner": "oxalica",
        "repo": "rust-overlay",
        "type": "github"
      }
    }
  },
  "root": "root",
  "version": 7
}
